// !$*UTF8*$!
{
	archiveVersion = 1;
	classes = {
	};
	objectVersion = 50;
	objects = {

/* Begin PBXBuildFile section */
		943DC8242185D734004F6FAF /* AppDelegate.swift in Sources */ = {isa = PBXBuildFile; fileRef = 943DC8232185D734004F6FAF /* AppDelegate.swift */; };
		943DC82B2185D734004F6FAF /* Main.storyboard in Resources */ = {isa = PBXBuildFile; fileRef = 943DC8292185D734004F6FAF /* Main.storyboard */; };
		943DC82D2185D735004F6FAF /* Assets.xcassets in Resources */ = {isa = PBXBuildFile; fileRef = 943DC82C2185D735004F6FAF /* Assets.xcassets */; };
		943DC8302185D735004F6FAF /* LaunchScreen.storyboard in Resources */ = {isa = PBXBuildFile; fileRef = 943DC82E2185D735004F6FAF /* LaunchScreen.storyboard */; };
		943DC83B2185D736004F6FAF /* HealthyMindsChallengeTests.swift in Sources */ = {isa = PBXBuildFile; fileRef = 943DC83A2185D736004F6FAF /* HealthyMindsChallengeTests.swift */; };
		943DC8462185D736004F6FAF /* HealthyMindsChallengeUITests.swift in Sources */ = {isa = PBXBuildFile; fileRef = 943DC8452185D736004F6FAF /* HealthyMindsChallengeUITests.swift */; };
		943DC8582185D82E004F6FAF /* Readme.md in Resources */ = {isa = PBXBuildFile; fileRef = 943DC8542185D82D004F6FAF /* Readme.md */; };
		943DC8592185D82E004F6FAF /* healthy-minds-description.json in Resources */ = {isa = PBXBuildFile; fileRef = 943DC8552185D82D004F6FAF /* healthy-minds-description.json */; };
		943DC85A2185D82E004F6FAF /* alice-progress.csv in Resources */ = {isa = PBXBuildFile; fileRef = 943DC8562185D82D004F6FAF /* alice-progress.csv */; };
		943DC85B2185D82E004F6FAF /* alice-progress.json in Resources */ = {isa = PBXBuildFile; fileRef = 943DC8572185D82E004F6FAF /* alice-progress.json */; };
		943DC85D2185D8B8004F6FAF /* UserProgressData.swift in Sources */ = {isa = PBXBuildFile; fileRef = 943DC85C2185D8B8004F6FAF /* UserProgressData.swift */; };
		943DC85F2185D8EA004F6FAF /* SolutionSteps.swift in Sources */ = {isa = PBXBuildFile; fileRef = 943DC85E2185D8EA004F6FAF /* SolutionSteps.swift */; };
		943DC8642185DBF1004F6FAF /* UsersProgressModel.swift in Sources */ = {isa = PBXBuildFile; fileRef = 943DC8632185DBF1004F6FAF /* UsersProgressModel.swift */; };
		943DC8672185DE0A004F6FAF /* UserActivityDAO.swift in Sources */ = {isa = PBXBuildFile; fileRef = 943DC8662185DE0A004F6FAF /* UserActivityDAO.swift */; };
		943DC86921871F62004F6FAF /* UserDataCell.swift in Sources */ = {isa = PBXBuildFile; fileRef = 943DC86821871F62004F6FAF /* UserDataCell.swift */; };
		943DC86B21872208004F6FAF /* PartsController.swift in Sources */ = {isa = PBXBuildFile; fileRef = 943DC86A21872208004F6FAF /* PartsController.swift */; };
		943DC86D21872224004F6FAF /* TasksController.swift in Sources */ = {isa = PBXBuildFile; fileRef = 943DC86C21872224004F6FAF /* TasksController.swift */; };
		943DC86F2187DACE004F6FAF /* SeriesController.swift in Sources */ = {isa = PBXBuildFile; fileRef = 943DC86E2187DACE004F6FAF /* SeriesController.swift */; };
		943DC8712187DFF9004F6FAF /* ActvitiesController.swift in Sources */ = {isa = PBXBuildFile; fileRef = 943DC8702187DFF9004F6FAF /* ActvitiesController.swift */; };
		948171342189BD4C005DC24F /* Modules.png in Resources */ = {isa = PBXBuildFile; fileRef = 9481712F2189BD49005DC24F /* Modules.png */; };
		948171352189BD4C005DC24F /* Activities.png in Resources */ = {isa = PBXBuildFile; fileRef = 948171302189BD4A005DC24F /* Activities.png */; };
		948171362189BD4C005DC24F /* Series.png in Resources */ = {isa = PBXBuildFile; fileRef = 948171312189BD4B005DC24F /* Series.png */; };
		948171372189BD4C005DC24F /* Tasks.png in Resources */ = {isa = PBXBuildFile; fileRef = 948171322189BD4B005DC24F /* Tasks.png */; };
		948171382189BD4C005DC24F /* Parts.png in Resources */ = {isa = PBXBuildFile; fileRef = 948171332189BD4C005DC24F /* Parts.png */; };
/* End PBXBuildFile section */

/* Begin PBXContainerItemProxy section */
		943DC8372185D736004F6FAF /* PBXContainerItemProxy */ = {
			isa = PBXContainerItemProxy;
			containerPortal = 943DC8182185D734004F6FAF /* Project object */;
			proxyType = 1;
			remoteGlobalIDString = 943DC81F2185D734004F6FAF;
			remoteInfo = HealthyMindsChallenge;
		};
		943DC8422185D736004F6FAF /* PBXContainerItemProxy */ = {
			isa = PBXContainerItemProxy;
			containerPortal = 943DC8182185D734004F6FAF /* Project object */;
			proxyType = 1;
			remoteGlobalIDString = 943DC81F2185D734004F6FAF;
			remoteInfo = HealthyMindsChallenge;
		};
/* End PBXContainerItemProxy section */

/* Begin PBXFileReference section */
		943DC8202185D734004F6FAF /* HealthyMindsChallenge.app */ = {isa = PBXFileReference; explicitFileType = wrapper.application; includeInIndex = 0; path = HealthyMindsChallenge.app; sourceTree = BUILT_PRODUCTS_DIR; };
		943DC8232185D734004F6FAF /* AppDelegate.swift */ = {isa = PBXFileReference; lastKnownFileType = sourcecode.swift; path = AppDelegate.swift; sourceTree = "<group>"; };
		943DC82A2185D734004F6FAF /* Base */ = {isa = PBXFileReference; lastKnownFileType = file.storyboard; name = Base; path = Base.lproj/Main.storyboard; sourceTree = "<group>"; };
		943DC82C2185D735004F6FAF /* Assets.xcassets */ = {isa = PBXFileReference; lastKnownFileType = folder.assetcatalog; path = Assets.xcassets; sourceTree = "<group>"; };
		943DC82F2185D735004F6FAF /* Base */ = {isa = PBXFileReference; lastKnownFileType = file.storyboard; name = Base; path = Base.lproj/LaunchScreen.storyboard; sourceTree = "<group>"; };
		943DC8312185D735004F6FAF /* Info.plist */ = {isa = PBXFileReference; lastKnownFileType = text.plist.xml; path = Info.plist; sourceTree = "<group>"; };
		943DC8362185D736004F6FAF /* HealthyMindsChallengeTests.xctest */ = {isa = PBXFileReference; explicitFileType = wrapper.cfbundle; includeInIndex = 0; path = HealthyMindsChallengeTests.xctest; sourceTree = BUILT_PRODUCTS_DIR; };
		943DC83A2185D736004F6FAF /* HealthyMindsChallengeTests.swift */ = {isa = PBXFileReference; lastKnownFileType = sourcecode.swift; path = HealthyMindsChallengeTests.swift; sourceTree = "<group>"; };
		943DC83C2185D736004F6FAF /* Info.plist */ = {isa = PBXFileReference; lastKnownFileType = text.plist.xml; path = Info.plist; sourceTree = "<group>"; };
		943DC8412185D736004F6FAF /* HealthyMindsChallengeUITests.xctest */ = {isa = PBXFileReference; explicitFileType = wrapper.cfbundle; includeInIndex = 0; path = HealthyMindsChallengeUITests.xctest; sourceTree = BUILT_PRODUCTS_DIR; };
		943DC8452185D736004F6FAF /* HealthyMindsChallengeUITests.swift */ = {isa = PBXFileReference; lastKnownFileType = sourcecode.swift; path = HealthyMindsChallengeUITests.swift; sourceTree = "<group>"; };
		943DC8472185D736004F6FAF /* Info.plist */ = {isa = PBXFileReference; lastKnownFileType = text.plist.xml; path = Info.plist; sourceTree = "<group>"; };
		943DC8542185D82D004F6FAF /* Readme.md */ = {isa = PBXFileReference; fileEncoding = 4; lastKnownFileType = net.daringfireball.markdown; path = Readme.md; sourceTree = "<group>"; };
		943DC8552185D82D004F6FAF /* healthy-minds-description.json */ = {isa = PBXFileReference; fileEncoding = 4; lastKnownFileType = text.json; path = "healthy-minds-description.json"; sourceTree = "<group>"; };
		943DC8562185D82D004F6FAF /* alice-progress.csv */ = {isa = PBXFileReference; fileEncoding = 4; lastKnownFileType = text; path = "alice-progress.csv"; sourceTree = "<group>"; };
		943DC8572185D82E004F6FAF /* alice-progress.json */ = {isa = PBXFileReference; fileEncoding = 4; lastKnownFileType = text.json; path = "alice-progress.json"; sourceTree = "<group>"; };
		943DC85C2185D8B8004F6FAF /* UserProgressData.swift */ = {isa = PBXFileReference; lastKnownFileType = sourcecode.swift; path = UserProgressData.swift; sourceTree = "<group>"; };
		943DC85E2185D8EA004F6FAF /* SolutionSteps.swift */ = {isa = PBXFileReference; lastKnownFileType = sourcecode.swift; path = SolutionSteps.swift; sourceTree = "<group>"; };
		943DC8632185DBF1004F6FAF /* UsersProgressModel.swift */ = {isa = PBXFileReference; lastKnownFileType = sourcecode.swift; name = UsersProgressModel.swift; path = HealthyMindsChallenge/UsersProgressModel.swift; sourceTree = "<group>"; };
		943DC8662185DE0A004F6FAF /* UserActivityDAO.swift */ = {isa = PBXFileReference; lastKnownFileType = sourcecode.swift; path = UserActivityDAO.swift; sourceTree = "<group>"; };
		943DC86821871F62004F6FAF /* UserDataCell.swift */ = {isa = PBXFileReference; lastKnownFileType = sourcecode.swift; path = UserDataCell.swift; sourceTree = "<group>"; };
		943DC86A21872208004F6FAF /* PartsController.swift */ = {isa = PBXFileReference; lastKnownFileType = sourcecode.swift; path = PartsController.swift; sourceTree = "<group>"; };
		943DC86C21872224004F6FAF /* TasksController.swift */ = {isa = PBXFileReference; lastKnownFileType = sourcecode.swift; path = TasksController.swift; sourceTree = "<group>"; };
		943DC86E2187DACE004F6FAF /* SeriesController.swift */ = {isa = PBXFileReference; lastKnownFileType = sourcecode.swift; path = SeriesController.swift; sourceTree = "<group>"; };
		943DC8702187DFF9004F6FAF /* ActvitiesController.swift */ = {isa = PBXFileReference; lastKnownFileType = sourcecode.swift; path = ActvitiesController.swift; sourceTree = "<group>"; };
		9481712F2189BD49005DC24F /* Modules.png */ = {isa = PBXFileReference; lastKnownFileType = image.png; path = Modules.png; sourceTree = "<group>"; };
		948171302189BD4A005DC24F /* Activities.png */ = {isa = PBXFileReference; lastKnownFileType = image.png; path = Activities.png; sourceTree = "<group>"; };
		948171312189BD4B005DC24F /* Series.png */ = {isa = PBXFileReference; lastKnownFileType = image.png; path = Series.png; sourceTree = "<group>"; };
		948171322189BD4B005DC24F /* Tasks.png */ = {isa = PBXFileReference; lastKnownFileType = image.png; path = Tasks.png; sourceTree = "<group>"; };
		948171332189BD4C005DC24F /* Parts.png */ = {isa = PBXFileReference; lastKnownFileType = image.png; path = Parts.png; sourceTree = "<group>"; };
/* End PBXFileReference section */

/* Begin PBXFrameworksBuildPhase section */
		943DC81D2185D734004F6FAF /* Frameworks */ = {
			isa = PBXFrameworksBuildPhase;
			buildActionMask = 2147483647;
			files = (
			);
			runOnlyForDeploymentPostprocessing = 0;
		};
		943DC8332185D736004F6FAF /* Frameworks */ = {
			isa = PBXFrameworksBuildPhase;
			buildActionMask = 2147483647;
			files = (
			);
			runOnlyForDeploymentPostprocessing = 0;
		};
		943DC83E2185D736004F6FAF /* Frameworks */ = {
			isa = PBXFrameworksBuildPhase;
			buildActionMask = 2147483647;
			files = (
			);
			runOnlyForDeploymentPostprocessing = 0;
		};
/* End PBXFrameworksBuildPhase section */

/* Begin PBXGroup section */
		943DC8172185D734004F6FAF = {
			isa = PBXGroup;
			children = (
				943DC8222185D734004F6FAF /* HealthyMindsChallenge */,
				943DC8392185D736004F6FAF /* HealthyMindsChallengeTests */,
				943DC8442185D736004F6FAF /* HealthyMindsChallengeUITests */,
				943DC8212185D734004F6FAF /* Products */,
			);
			sourceTree = "<group>";
		};
		943DC8212185D734004F6FAF /* Products */ = {
			isa = PBXGroup;
			children = (
				943DC8202185D734004F6FAF /* HealthyMindsChallenge.app */,
				943DC8362185D736004F6FAF /* HealthyMindsChallengeTests.xctest */,
				943DC8412185D736004F6FAF /* HealthyMindsChallengeUITests.xctest */,
			);
			name = Products;
			sourceTree = "<group>";
		};
		943DC8222185D734004F6FAF /* HealthyMindsChallenge */ = {
			isa = PBXGroup;
			children = (
				943DC8532185D7E8004F6FAF /* ChallengeFiles */,
				943DC8232185D734004F6FAF /* AppDelegate.swift */,
				943DC8602185DA61004F6FAF /* Controllers */,
				943DC8612185DA6D004F6FAF /* Views */,
				943DC8622185DB6B004F6FAF /* Model */,
				943DC8652185DDD6004F6FAF /* Network */,
				943DC8312185D735004F6FAF /* Info.plist */,
			);
			path = HealthyMindsChallenge;
			sourceTree = "<group>";
		};
		943DC8392185D736004F6FAF /* HealthyMindsChallengeTests */ = {
			isa = PBXGroup;
			children = (
				943DC83A2185D736004F6FAF /* HealthyMindsChallengeTests.swift */,
				943DC83C2185D736004F6FAF /* Info.plist */,
			);
			path = HealthyMindsChallengeTests;
			sourceTree = "<group>";
		};
		943DC8442185D736004F6FAF /* HealthyMindsChallengeUITests */ = {
			isa = PBXGroup;
			children = (
				943DC8452185D736004F6FAF /* HealthyMindsChallengeUITests.swift */,
				943DC8472185D736004F6FAF /* Info.plist */,
			);
			path = HealthyMindsChallengeUITests;
			sourceTree = "<group>";
		};
		943DC8532185D7E8004F6FAF /* ChallengeFiles */ = {
			isa = PBXGroup;
			children = (
				9481712E2189BCE1005DC24F /* ScreenShots */,
				943DC8562185D82D004F6FAF /* alice-progress.csv */,
				943DC8542185D82D004F6FAF /* Readme.md */,
			);
			name = ChallengeFiles;
			sourceTree = "<group>";
		};
		943DC8602185DA61004F6FAF /* Controllers */ = {
			isa = PBXGroup;
			children = (
				943DC85C2185D8B8004F6FAF /* UserProgressData.swift */,
				943DC85E2185D8EA004F6FAF /* SolutionSteps.swift */,
				943DC86A21872208004F6FAF /* PartsController.swift */,
				943DC86C21872224004F6FAF /* TasksController.swift */,
				943DC86E2187DACE004F6FAF /* SeriesController.swift */,
				943DC8702187DFF9004F6FAF /* ActvitiesController.swift */,
			);
			name = Controllers;
			sourceTree = "<group>";
		};
		943DC8612185DA6D004F6FAF /* Views */ = {
			isa = PBXGroup;
			children = (
				943DC8292185D734004F6FAF /* Main.storyboard */,
				943DC82C2185D735004F6FAF /* Assets.xcassets */,
				943DC82E2185D735004F6FAF /* LaunchScreen.storyboard */,
				943DC86821871F62004F6FAF /* UserDataCell.swift */,
			);
			name = Views;
			sourceTree = "<group>";
		};
		943DC8622185DB6B004F6FAF /* Model */ = {
			isa = PBXGroup;
			children = (
				943DC8572185D82E004F6FAF /* alice-progress.json */,
				943DC8552185D82D004F6FAF /* healthy-minds-description.json */,
				943DC8632185DBF1004F6FAF /* UsersProgressModel.swift */,
			);
			name = Model;
			path = ..;
			sourceTree = "<group>";
		};
		943DC8652185DDD6004F6FAF /* Network */ = {
			isa = PBXGroup;
			children = (
				943DC8662185DE0A004F6FAF /* UserActivityDAO.swift */,
			);
			name = Network;
			sourceTree = "<group>";
		};
		9481712E2189BCE1005DC24F /* ScreenShots */ = {
			isa = PBXGroup;
			children = (
				948171302189BD4A005DC24F /* Activities.png */,
				9481712F2189BD49005DC24F /* Modules.png */,
				948171332189BD4C005DC24F /* Parts.png */,
				948171312189BD4B005DC24F /* Series.png */,
				948171322189BD4B005DC24F /* Tasks.png */,
			);
			name = ScreenShots;
			sourceTree = "<group>";
		};
/* End PBXGroup section */

/* Begin PBXNativeTarget section */
		943DC81F2185D734004F6FAF /* HealthyMindsChallenge */ = {
			isa = PBXNativeTarget;
			buildConfigurationList = 943DC84A2185D736004F6FAF /* Build configuration list for PBXNativeTarget "HealthyMindsChallenge" */;
			buildPhases = (
				943DC81C2185D734004F6FAF /* Sources */,
				943DC81D2185D734004F6FAF /* Frameworks */,
				943DC81E2185D734004F6FAF /* Resources */,
			);
			buildRules = (
			);
			dependencies = (
			);
			name = HealthyMindsChallenge;
			productName = HealthyMindsChallenge;
			productReference = 943DC8202185D734004F6FAF /* HealthyMindsChallenge.app */;
			productType = "com.apple.product-type.application";
		};
		943DC8352185D736004F6FAF /* HealthyMindsChallengeTests */ = {
			isa = PBXNativeTarget;
			buildConfigurationList = 943DC84D2185D736004F6FAF /* Build configuration list for PBXNativeTarget "HealthyMindsChallengeTests" */;
			buildPhases = (
				943DC8322185D736004F6FAF /* Sources */,
				943DC8332185D736004F6FAF /* Frameworks */,
				943DC8342185D736004F6FAF /* Resources */,
			);
			buildRules = (
			);
			dependencies = (
				943DC8382185D736004F6FAF /* PBXTargetDependency */,
			);
			name = HealthyMindsChallengeTests;
			productName = HealthyMindsChallengeTests;
			productReference = 943DC8362185D736004F6FAF /* HealthyMindsChallengeTests.xctest */;
			productType = "com.apple.product-type.bundle.unit-test";
		};
		943DC8402185D736004F6FAF /* HealthyMindsChallengeUITests */ = {
			isa = PBXNativeTarget;
			buildConfigurationList = 943DC8502185D736004F6FAF /* Build configuration list for PBXNativeTarget "HealthyMindsChallengeUITests" */;
			buildPhases = (
				943DC83D2185D736004F6FAF /* Sources */,
				943DC83E2185D736004F6FAF /* Frameworks */,
				943DC83F2185D736004F6FAF /* Resources */,
			);
			buildRules = (
			);
			dependencies = (
				943DC8432185D736004F6FAF /* PBXTargetDependency */,
			);
			name = HealthyMindsChallengeUITests;
			productName = HealthyMindsChallengeUITests;
			productReference = 943DC8412185D736004F6FAF /* HealthyMindsChallengeUITests.xctest */;
			productType = "com.apple.product-type.bundle.ui-testing";
		};
/* End PBXNativeTarget section */

/* Begin PBXProject section */
		943DC8182185D734004F6FAF /* Project object */ = {
			isa = PBXProject;
			attributes = {
				LastSwiftUpdateCheck = 1000;
				LastUpgradeCheck = 1000;
				ORGANIZATIONNAME = "Calkins Computer Consulting";
				TargetAttributes = {
					943DC81F2185D734004F6FAF = {
						CreatedOnToolsVersion = 10.0;
						LastSwiftMigration = 1020;
					};
					943DC8352185D736004F6FAF = {
						CreatedOnToolsVersion = 10.0;
						LastSwiftMigration = 1020;
						TestTargetID = 943DC81F2185D734004F6FAF;
					};
					943DC8402185D736004F6FAF = {
						CreatedOnToolsVersion = 10.0;
						LastSwiftMigration = 1020;
						TestTargetID = 943DC81F2185D734004F6FAF;
					};
				};
			};
			buildConfigurationList = 943DC81B2185D734004F6FAF /* Build configuration list for PBXProject "HealthyMindsChallenge" */;
			compatibilityVersion = "Xcode 9.3";
			developmentRegion = en;
			hasScannedForEncodings = 0;
			knownRegions = (
				en,
				Base,
			);
			mainGroup = 943DC8172185D734004F6FAF;
			productRefGroup = 943DC8212185D734004F6FAF /* Products */;
			projectDirPath = "";
			projectRoot = "";
			targets = (
				943DC81F2185D734004F6FAF /* HealthyMindsChallenge */,
				943DC8352185D736004F6FAF /* HealthyMindsChallengeTests */,
				943DC8402185D736004F6FAF /* HealthyMindsChallengeUITests */,
			);
		};
/* End PBXProject section */

/* Begin PBXResourcesBuildPhase section */
		943DC81E2185D734004F6FAF /* Resources */ = {
			isa = PBXResourcesBuildPhase;
			buildActionMask = 2147483647;
			files = (
				943DC8302185D735004F6FAF /* LaunchScreen.storyboard in Resources */,
				943DC82D2185D735004F6FAF /* Assets.xcassets in Resources */,
				948171362189BD4C005DC24F /* Series.png in Resources */,
				943DC8592185D82E004F6FAF /* healthy-minds-description.json in Resources */,
				948171372189BD4C005DC24F /* Tasks.png in Resources */,
				943DC85B2185D82E004F6FAF /* alice-progress.json in Resources */,
				948171382189BD4C005DC24F /* Parts.png in Resources */,
				943DC8582185D82E004F6FAF /* Readme.md in Resources */,
				948171352189BD4C005DC24F /* Activities.png in Resources */,
				943DC85A2185D82E004F6FAF /* alice-progress.csv in Resources */,
				943DC82B2185D734004F6FAF /* Main.storyboard in Resources */,
				948171342189BD4C005DC24F /* Modules.png in Resources */,
			);
			runOnlyForDeploymentPostprocessing = 0;
		};
		943DC8342185D736004F6FAF /* Resources */ = {
			isa = PBXResourcesBuildPhase;
			buildActionMask = 2147483647;
			files = (
			);
			runOnlyForDeploymentPostprocessing = 0;
		};
		943DC83F2185D736004F6FAF /* Resources */ = {
			isa = PBXResourcesBuildPhase;
			buildActionMask = 2147483647;
			files = (
			);
			runOnlyForDeploymentPostprocessing = 0;
		};
/* End PBXResourcesBuildPhase section */

/* Begin PBXSourcesBuildPhase section */
		943DC81C2185D734004F6FAF /* Sources */ = {
			isa = PBXSourcesBuildPhase;
			buildActionMask = 2147483647;
			files = (
				943DC85F2185D8EA004F6FAF /* SolutionSteps.swift in Sources */,
				943DC86F2187DACE004F6FAF /* SeriesController.swift in Sources */,
				943DC8242185D734004F6FAF /* AppDelegate.swift in Sources */,
				943DC86D21872224004F6FAF /* TasksController.swift in Sources */,
				943DC86921871F62004F6FAF /* UserDataCell.swift in Sources */,
				943DC8672185DE0A004F6FAF /* UserActivityDAO.swift in Sources */,
				943DC85D2185D8B8004F6FAF /* UserProgressData.swift in Sources */,
				943DC8642185DBF1004F6FAF /* UsersProgressModel.swift in Sources */,
				943DC8712187DFF9004F6FAF /* ActvitiesController.swift in Sources */,
				943DC86B21872208004F6FAF /* PartsController.swift in Sources */,
			);
			runOnlyForDeploymentPostprocessing = 0;
		};
		943DC8322185D736004F6FAF /* Sources */ = {
			isa = PBXSourcesBuildPhase;
			buildActionMask = 2147483647;
			files = (
				943DC83B2185D736004F6FAF /* HealthyMindsChallengeTests.swift in Sources */,
			);
			runOnlyForDeploymentPostprocessing = 0;
		};
		943DC83D2185D736004F6FAF /* Sources */ = {
			isa = PBXSourcesBuildPhase;
			buildActionMask = 2147483647;
			files = (
				943DC8462185D736004F6FAF /* HealthyMindsChallengeUITests.swift in Sources */,
			);
			runOnlyForDeploymentPostprocessing = 0;
		};
/* End PBXSourcesBuildPhase section */

/* Begin PBXTargetDependency section */
		943DC8382185D736004F6FAF /* PBXTargetDependency */ = {
			isa = PBXTargetDependency;
			target = 943DC81F2185D734004F6FAF /* HealthyMindsChallenge */;
			targetProxy = 943DC8372185D736004F6FAF /* PBXContainerItemProxy */;
		};
		943DC8432185D736004F6FAF /* PBXTargetDependency */ = {
			isa = PBXTargetDependency;
			target = 943DC81F2185D734004F6FAF /* HealthyMindsChallenge */;
			targetProxy = 943DC8422185D736004F6FAF /* PBXContainerItemProxy */;
		};
/* End PBXTargetDependency section */

/* Begin PBXVariantGroup section */
		943DC8292185D734004F6FAF /* Main.storyboard */ = {
			isa = PBXVariantGroup;
			children = (
				943DC82A2185D734004F6FAF /* Base */,
			);
			name = Main.storyboard;
			sourceTree = "<group>";
		};
		943DC82E2185D735004F6FAF /* LaunchScreen.storyboard */ = {
			isa = PBXVariantGroup;
			children = (
				943DC82F2185D735004F6FAF /* Base */,
			);
			name = LaunchScreen.storyboard;
			sourceTree = "<group>";
		};
/* End PBXVariantGroup section */

/* Begin XCBuildConfiguration section */
		943DC8482185D736004F6FAF /* Debug */ = {
			isa = XCBuildConfiguration;
			buildSettings = {
				ALWAYS_SEARCH_USER_PATHS = NO;
				CLANG_ANALYZER_NONNULL = YES;
				CLANG_ANALYZER_NUMBER_OBJECT_CONVERSION = YES_AGGRESSIVE;
				CLANG_CXX_LANGUAGE_STANDARD = "gnu++14";
				CLANG_CXX_LIBRARY = "libc++";
				CLANG_ENABLE_MODULES = YES;
				CLANG_ENABLE_OBJC_ARC = YES;
				CLANG_ENABLE_OBJC_WEAK = YES;
				CLANG_WARN_BLOCK_CAPTURE_AUTORELEASING = YES;
				CLANG_WARN_BOOL_CONVERSION = YES;
				CLANG_WARN_COMMA = YES;
				CLANG_WARN_CONSTANT_CONVERSION = YES;
				CLANG_WARN_DEPRECATED_OBJC_IMPLEMENTATIONS = YES;
				CLANG_WARN_DIRECT_OBJC_ISA_USAGE = YES_ERROR;
				CLANG_WARN_DOCUMENTATION_COMMENTS = YES;
				CLANG_WARN_EMPTY_BODY = YES;
				CLANG_WARN_ENUM_CONVERSION = YES;
				CLANG_WARN_INFINITE_RECURSION = YES;
				CLANG_WARN_INT_CONVERSION = YES;
				CLANG_WARN_NON_LITERAL_NULL_CONVERSION = YES;
				CLANG_WARN_OBJC_IMPLICIT_RETAIN_SELF = YES;
				CLANG_WARN_OBJC_LITERAL_CONVERSION = YES;
				CLANG_WARN_OBJC_ROOT_CLASS = YES_ERROR;
				CLANG_WARN_RANGE_LOOP_ANALYSIS = YES;
				CLANG_WARN_STRICT_PROTOTYPES = YES;
				CLANG_WARN_SUSPICIOUS_MOVE = YES;
				CLANG_WARN_UNGUARDED_AVAILABILITY = YES_AGGRESSIVE;
				CLANG_WARN_UNREACHABLE_CODE = YES;
				CLANG_WARN__DUPLICATE_METHOD_MATCH = YES;
				CODE_SIGN_IDENTITY = "iPhone Developer";
				COPY_PHASE_STRIP = NO;
				DEBUG_INFORMATION_FORMAT = dwarf;
				ENABLE_STRICT_OBJC_MSGSEND = YES;
				ENABLE_TESTABILITY = YES;
				GCC_C_LANGUAGE_STANDARD = gnu11;
				GCC_DYNAMIC_NO_PIC = NO;
				GCC_NO_COMMON_BLOCKS = YES;
				GCC_OPTIMIZATION_LEVEL = 0;
				GCC_PREPROCESSOR_DEFINITIONS = (
					"DEBUG=1",
					"$(inherited)",
				);
				GCC_WARN_64_TO_32_BIT_CONVERSION = YES;
				GCC_WARN_ABOUT_RETURN_TYPE = YES_ERROR;
				GCC_WARN_UNDECLARED_SELECTOR = YES;
				GCC_WARN_UNINITIALIZED_AUTOS = YES_AGGRESSIVE;
				GCC_WARN_UNUSED_FUNCTION = YES;
				GCC_WARN_UNUSED_VARIABLE = YES;
				IPHONEOS_DEPLOYMENT_TARGET = 12.0;
				MTL_ENABLE_DEBUG_INFO = INCLUDE_SOURCE;
				MTL_FAST_MATH = YES;
				ONLY_ACTIVE_ARCH = YES;
				SDKROOT = iphoneos;
				SWIFT_ACTIVE_COMPILATION_CONDITIONS = DEBUG;
				SWIFT_OPTIMIZATION_LEVEL = "-Onone";
			};
			name = Debug;
		};
		943DC8492185D736004F6FAF /* Release */ = {
			isa = XCBuildConfiguration;
			buildSettings = {
				ALWAYS_SEARCH_USER_PATHS = NO;
				CLANG_ANALYZER_NONNULL = YES;
				CLANG_ANALYZER_NUMBER_OBJECT_CONVERSION = YES_AGGRESSIVE;
				CLANG_CXX_LANGUAGE_STANDARD = "gnu++14";
				CLANG_CXX_LIBRARY = "libc++";
				CLANG_ENABLE_MODULES = YES;
				CLANG_ENABLE_OBJC_ARC = YES;
				CLANG_ENABLE_OBJC_WEAK = YES;
				CLANG_WARN_BLOCK_CAPTURE_AUTORELEASING = YES;
				CLANG_WARN_BOOL_CONVERSION = YES;
				CLANG_WARN_COMMA = YES;
				CLANG_WARN_CONSTANT_CONVERSION = YES;
				CLANG_WARN_DEPRECATED_OBJC_IMPLEMENTATIONS = YES;
				CLANG_WARN_DIRECT_OBJC_ISA_USAGE = YES_ERROR;
				CLANG_WARN_DOCUMENTATION_COMMENTS = YES;
				CLANG_WARN_EMPTY_BODY = YES;
				CLANG_WARN_ENUM_CONVERSION = YES;
				CLANG_WARN_INFINITE_RECURSION = YES;
				CLANG_WARN_INT_CONVERSION = YES;
				CLANG_WARN_NON_LITERAL_NULL_CONVERSION = YES;
				CLANG_WARN_OBJC_IMPLICIT_RETAIN_SELF = YES;
				CLANG_WARN_OBJC_LITERAL_CONVERSION = YES;
				CLANG_WARN_OBJC_ROOT_CLASS = YES_ERROR;
				CLANG_WARN_RANGE_LOOP_ANALYSIS = YES;
				CLANG_WARN_STRICT_PROTOTYPES = YES;
				CLANG_WARN_SUSPICIOUS_MOVE = YES;
				CLANG_WARN_UNGUARDED_AVAILABILITY = YES_AGGRESSIVE;
				CLANG_WARN_UNREACHABLE_CODE = YES;
				CLANG_WARN__DUPLICATE_METHOD_MATCH = YES;
				CODE_SIGN_IDENTITY = "iPhone Developer";
				COPY_PHASE_STRIP = NO;
				DEBUG_INFORMATION_FORMAT = "dwarf-with-dsym";
				ENABLE_NS_ASSERTIONS = NO;
				ENABLE_STRICT_OBJC_MSGSEND = YES;
				GCC_C_LANGUAGE_STANDARD = gnu11;
				GCC_NO_COMMON_BLOCKS = YES;
				GCC_WARN_64_TO_32_BIT_CONVERSION = YES;
				GCC_WARN_ABOUT_RETURN_TYPE = YES_ERROR;
				GCC_WARN_UNDECLARED_SELECTOR = YES;
				GCC_WARN_UNINITIALIZED_AUTOS = YES_AGGRESSIVE;
				GCC_WARN_UNUSED_FUNCTION = YES;
				GCC_WARN_UNUSED_VARIABLE = YES;
				IPHONEOS_DEPLOYMENT_TARGET = 12.0;
				MTL_ENABLE_DEBUG_INFO = NO;
				MTL_FAST_MATH = YES;
				SDKROOT = iphoneos;
				SWIFT_COMPILATION_MODE = wholemodule;
				SWIFT_OPTIMIZATION_LEVEL = "-O";
				VALIDATE_PRODUCT = YES;
			};
			name = Release;
		};
		943DC84B2185D736004F6FAF /* Debug */ = {
			isa = XCBuildConfiguration;
			buildSettings = {
				ASSETCATALOG_COMPILER_APPICON_NAME = AppIcon;
				CODE_SIGN_STYLE = Automatic;
				DEVELOPMENT_TEAM = GAW47D4MAE;
				INFOPLIST_FILE = HealthyMindsChallenge/Info.plist;
				LD_RUNPATH_SEARCH_PATHS = (
					"$(inherited)",
					"@executable_path/Frameworks",
				);
				PRODUCT_BUNDLE_IDENTIFIER = com.c3.HealthyMindsChallenge;
				PRODUCT_NAME = "$(TARGET_NAME)";
				SWIFT_VERSION = 5.0;
				TARGETED_DEVICE_FAMILY = "1,2";
			};
			name = Debug;
		};
		943DC84C2185D736004F6FAF /* Release */ = {
			isa = XCBuildConfiguration;
			buildSettings = {
				ASSETCATALOG_COMPILER_APPICON_NAME = AppIcon;
				CODE_SIGN_STYLE = Automatic;
				DEVELOPMENT_TEAM = GAW47D4MAE;
				INFOPLIST_FILE = HealthyMindsChallenge/Info.plist;
				LD_RUNPATH_SEARCH_PATHS = (
					"$(inherited)",
					"@executable_path/Frameworks",
				);
				PRODUCT_BUNDLE_IDENTIFIER = com.c3.HealthyMindsChallenge;
				PRODUCT_NAME = "$(TARGET_NAME)";
				SWIFT_VERSION = 5.0;
				TARGETED_DEVICE_FAMILY = "1,2";
			};
			name = Release;
		};
		943DC84E2185D736004F6FAF /* Debug */ = {
			isa = XCBuildConfiguration;
			buildSettings = {
				ALWAYS_EMBED_SWIFT_STANDARD_LIBRARIES = YES;
				BUNDLE_LOADER = "$(TEST_HOST)";
				CODE_SIGN_STYLE = Automatic;
				DEVELOPMENT_TEAM = GAW47D4MAE;
				INFOPLIST_FILE = HealthyMindsChallengeTests/Info.plist;
				LD_RUNPATH_SEARCH_PATHS = (
					"$(inherited)",
					"@executable_path/Frameworks",
					"@loader_path/Frameworks",
				);
				PRODUCT_BUNDLE_IDENTIFIER = com.c3.HealthyMindsChallengeTests;
				PRODUCT_NAME = "$(TARGET_NAME)";
				SWIFT_VERSION = 5.0;
				TARGETED_DEVICE_FAMILY = "1,2";
				TEST_HOST = "$(BUILT_PRODUCTS_DIR)/HealthyMindsChallenge.app/HealthyMindsChallenge";
			};
			name = Debug;
		};
		943DC84F2185D736004F6FAF /* Release */ = {
			isa = XCBuildConfiguration;
			buildSettings = {
				ALWAYS_EMBED_SWIFT_STANDARD_LIBRARIES = YES;
				BUNDLE_LOADER = "$(TEST_HOST)";
				CODE_SIGN_STYLE = Automatic;
				DEVELOPMENT_TEAM = GAW47D4MAE;
				INFOPLIST_FILE = HealthyMindsChallengeTests/Info.plist;
				LD_RUNPATH_SEARCH_PATHS = (
					"$(inherited)",
					"@executable_path/Frameworks",
					"@loader_path/Frameworks",
				);
				PRODUCT_BUNDLE_IDENTIFIER = com.c3.HealthyMindsChallengeTests;
				PRODUCT_NAME = "$(TARGET_NAME)";
				SWIFT_VERSION = 5.0;
				TARGETED_DEVICE_FAMILY = "1,2";
				TEST_HOST = "$(BUILT_PRODUCTS_DIR)/HealthyMindsChallenge.app/HealthyMindsChallenge";
			};
			name = Release;
		};
		943DC8512185D736004F6FAF /* Debug */ = {
			isa = XCBuildConfiguration;
			buildSettings = {
				ALWAYS_EMBED_SWIFT_STANDARD_LIBRARIES = YES;
				CODE_SIGN_STYLE = Automatic;
				DEVELOPMENT_TEAM = GAW47D4MAE;
				INFOPLIST_FILE = HealthyMindsChallengeUITests/Info.plist;
				LD_RUNPATH_SEARCH_PATHS = (
					"$(inherited)",
					"@executable_path/Frameworks",
					"@loader_path/Frameworks",
				);
				PRODUCT_BUNDLE_IDENTIFIER = com.c3.HealthyMindsChallengeUITests;
				PRODUCT_NAME = "$(TARGET_NAME)";
				SWIFT_VERSION = 5.0;
				TARGETED_DEVICE_FAMILY = "1,2";
				TEST_TARGET_NAME = HealthyMindsChallenge;
			};
			name = Debug;
		};
		943DC8522185D736004F6FAF /* Release */ = {
			isa = XCBuildConfiguration;
			buildSettings = {
				ALWAYS_EMBED_SWIFT_STANDARD_LIBRARIES = YES;
				CODE_SIGN_STYLE = Automatic;
				DEVELOPMENT_TEAM = GAW47D4MAE;
				INFOPLIST_FILE = HealthyMindsChallengeUITests/Info.plist;
				LD_RUNPATH_SEARCH_PATHS = (
					"$(inherited)",
					"@executable_path/Frameworks",
					"@loader_path/Frameworks",
				);
				PRODUCT_BUNDLE_IDENTIFIER = com.c3.HealthyMindsChallengeUITests;
				PRODUCT_NAME = "$(TARGET_NAME)";
				SWIFT_VERSION = 5.0;
				TARGETED_DEVICE_FAMILY = "1,2";
				TEST_TARGET_NAME = HealthyMindsChallenge;
			};
			name = Release;
		};
/* End XCBuildConfiguration section */

/* Begin XCConfigurationList section */
		943DC81B2185D734004F6FAF /* Build configuration list for PBXProject "HealthyMindsChallenge" */ = {
			isa = XCConfigurationList;
			buildConfigurations = (
				943DC8482185D736004F6FAF /* Debug */,
				943DC8492185D736004F6FAF /* Release */,
			);
			defaultConfigurationIsVisible = 0;
			defaultConfigurationName = Release;
		};
		943DC84A2185D736004F6FAF /* Build configuration list for PBXNativeTarget "HealthyMindsChallenge" */ = {
			isa = XCConfigurationList;
			buildConfigurations = (
				943DC84B2185D736004F6FAF /* Debug */,
				943DC84C2185D736004F6FAF /* Release */,
			);
			defaultConfigurationIsVisible = 0;
			defaultConfigurationName = Release;
		};
		943DC84D2185D736004F6FAF /* Build configuration list for PBXNativeTarget "HealthyMindsChallengeTests" */ = {
			isa = XCConfigurationList;
			buildConfigurations = (
				943DC84E2185D736004F6FAF /* Debug */,
				943DC84F2185D736004F6FAF /* Release */,
			);
			defaultConfigurationIsVisible = 0;
			defaultConfigurationName = Release;
		};
		943DC8502185D736004F6FAF /* Build configuration list for PBXNativeTarget "HealthyMindsChallengeUITests" */ = {
			isa = XCConfigurationList;
			buildConfigurations = (
				943DC8512185D736004F6FAF /* Debug */,
				943DC8522185D736004F6FAF /* Release */,
			);
			defaultConfigurationIsVisible = 0;
			defaultConfigurationName = Release;
		};
/* End XCConfigurationList section */
	};
	rootObject = 943DC8182185D734004F6FAF /* Project object */;
}
